{
  "requires": true,
  "lockfileVersion": 1,
  "dependencies": {
    "slim-select": {
      "version": "1.23.0",
      "resolved": "https://registry.npmjs.org/slim-select/-/slim-select-1.23.0.tgz",
      "integrity": "sha512-9HiHPNQZUMZ9zS5YJxQOEWp5PsyQPSHlI+tqwXLunqQct/uIkXRCpqc8tZQRilwdL0pZCF/9+guSYifUOVbazg=="
    }
  }
}
